
Microsoft Visual Studio Solution File, Format Version 12.00
# Visual Studio Version 17
VisualStudioVersion = 17.11.35312.102
MinimumVisualStudioVersion = 10.0.40219.1
Project("{FAE04EC0-301F-11D3-BF4B-00C04F79EFBC}") = "NutriFacil", "NutriFacil.csproj", "{94B2747B-BFD7-4E79-AE6A-BE7FB314EA25}"
EndProject
Global
	GlobalSection(SolutionConfigurationPlatforms) = preSolution
		Debug|Any CPU = Debug|Any CPU
		Release|Any CPU = Release|Any CPU
	EndGlobalSection
	GlobalSection(ProjectConfigurationPlatforms) = postSolution
		{94B2747B-BFD7-4E79-AE6A-BE7FB314EA25}.Debug|Any CPU.ActiveCfg = Debug|Any CPU
		{94B2747B-BFD7-4E79-AE6A-BE7FB314EA25}.Debug|Any CPU.Build.0 = Debug|Any CPU
		{94B2747B-BFD7-4E79-AE6A-BE7FB314EA25}.Release|Any CPU.ActiveCfg = Release|Any CPU
		{94B2747B-BFD7-4E79-AE6A-BE7FB314EA25}.Release|Any CPU.Build.0 = Release|Any CPU
	EndGlobalSection
	GlobalSection(SolutionProperties) = preSolution
		HideSolutionNode = FALSE
	EndGlobalSection
	GlobalSection(ExtensibilityGlobals) = postSolution
		SolutionGuid = {7663BA1F-75EA-4152-AA0D-5578A43F0305}
	EndGlobalSection
EndGlobal
